<Solution>
  <Folder Name="/src/">
    <Project Path="src/Novolis.Economy/Novolis.Economy.csproj" />
    <Project Path="src/Novolis.Economy.Production/Novolis.Economy.Production.csproj" />
    <Project Path="src/Novolis.Economy.Markets/Novolis.Economy.Markets.csproj" />
    <Project Path="src/Novolis.Economy.Accounting/Novolis.Economy.Accounting.csproj" />
    <Project Path="src/Novolis.Economy.Logistics/Novolis.Economy.Logistics.csproj" />
    <Project Path="src/Novolis.Economy.Population/Novolis.Economy.Population.csproj" />
    <Project Path="src/Novolis.Economy.Simulation/Novolis.Economy.Simulation.csproj" />
  </Folder>
  <Folder Name="/tests/">
    <Project Path="tests/Novolis.Economy.Unit/Novolis.Economy.Unit.csproj" />
  </Folder>
</Solution>
